
Microsoft Visual Studio Solution File, Format Version 12.00
# Visual Studio Version 17
VisualStudioVersion = 17.3.32929.385
MinimumVisualStudioVersion = 10.0.40219.1
Project("{9A19103F-16F7-4668-BE54-9A1E7A4F7556}") = "Identity", "Identity\Identity.csproj", "{6B31B527-D530-47D5-946E-6BFCE2C0542D}"
EndProject
Project("{9A19103F-16F7-4668-BE54-9A1E7A4F7556}") = "Client", "Client\Client.csproj", "{DD84F059-9402-4438-A6F0-A0AEBC1E6152}"
EndProject
Project("{E53339B2-1760-4266-BCC7-CA923CBCF16C}") = "docker-compose", "docker-compose.dcproj", "{659100DC-B265-4B34-A900-15BDF9964E52}"
EndProject
Global
	GlobalSection(SolutionConfigurationPlatforms) = preSolution
		Debug|Any CPU = Debug|Any CPU
		Release|Any CPU = Release|Any CPU
	EndGlobalSection
	GlobalSection(ProjectConfigurationPlatforms) = postSolution
		{6B31B527-D530-47D5-946E-6BFCE2C0542D}.Debug|Any CPU.ActiveCfg = Debug|Any CPU
		{6B31B527-D530-47D5-946E-6BFCE2C0542D}.Debug|Any CPU.Build.0 = Debug|Any CPU
		{6B31B527-D530-47D5-946E-6BFCE2C0542D}.Release|Any CPU.ActiveCfg = Release|Any CPU
		{6B31B527-D530-47D5-946E-6BFCE2C0542D}.Release|Any CPU.Build.0 = Release|Any CPU
		{DD84F059-9402-4438-A6F0-A0AEBC1E6152}.Debug|Any CPU.ActiveCfg = Debug|Any CPU
		{DD84F059-9402-4438-A6F0-A0AEBC1E6152}.Debug|Any CPU.Build.0 = Debug|Any CPU
		{DD84F059-9402-4438-A6F0-A0AEBC1E6152}.Release|Any CPU.ActiveCfg = Release|Any CPU
		{DD84F059-9402-4438-A6F0-A0AEBC1E6152}.Release|Any CPU.Build.0 = Release|Any CPU
		{659100DC-B265-4B34-A900-15BDF9964E52}.Debug|Any CPU.ActiveCfg = Debug|Any CPU
		{659100DC-B265-4B34-A900-15BDF9964E52}.Debug|Any CPU.Build.0 = Debug|Any CPU
		{659100DC-B265-4B34-A900-15BDF9964E52}.Release|Any CPU.ActiveCfg = Release|Any CPU
		{659100DC-B265-4B34-A900-15BDF9964E52}.Release|Any CPU.Build.0 = Release|Any CPU
	EndGlobalSection
	GlobalSection(SolutionProperties) = preSolution
		HideSolutionNode = FALSE
	EndGlobalSection
	GlobalSection(ExtensibilityGlobals) = postSolution
		SolutionGuid = {6A7AA682-A12E-4830-AAE1-DD7433368325}
	EndGlobalSection
EndGlobal
